<?xml version="1.0" encoding="UTF-8" standalone="yes" ?>
<CodeBlocks_project_file>
	<FileVersion major="1" minor="6" />
	<Project>
		<Option title="Dj-engine" />
		<Option pch_mode="2" />
		<Option compiler="gcc" />
		<Build>
			<Target title="Debug">
				<Option output="bin/Debug/Dj-engine" prefix_auto="1" extension_auto="1" />
				<Option object_output="obj/Debug/" />
				<Option type="1" />
				<Option compiler="gcc" />
				<Option use_console_runner="0" />
				<Compiler>
					<Add option="-g" />
					<Add directory="../../../../usr/include/SFML" />
					<Add directory="include" />
				</Compiler>
				<Linker>
					<Add directory="../../../../usr/lib" />
				</Linker>
			</Target>
			<Target title="Release">
				<Option output="bin/Release/Dj-engine" prefix_auto="1" extension_auto="1" />
				<Option object_output="obj/Release/" />
				<Option type="1" />
				<Option compiler="gcc" />
				<Compiler>
					<Add option="-O2" />
					<Add directory="../../../../usr/include/SFML" />
					<Add directory="include" />
				</Compiler>
				<Linker>
					<Add option="-s" />
					<Add directory="../../../../usr/lib" />
				</Linker>
			</Target>
		</Build>
		<Compiler>
			<Add option="-Wall" />
			<Add option="-fexceptions" />
			<Add directory="libraries/SFML-2.5.1/include" />
		</Compiler>
		<Linker>
			<Add library="sfml-graphics" />
			<Add library="sfml-window" />
			<Add library="sfml-system" />
			<Add library="sfml-audio" />
			<Add directory="libraries/SFML-2.5.1/lib" />
		</Linker>
		<Unit filename="include/Generator.h" />
		<Unit filename="include/Note.h" />
		<Unit filename="include/Rendr.h" />
		<Unit filename="main.cpp" />
		<Unit filename="src/Generator.cpp" />
		<Unit filename="src/Note.cpp" />
		<Unit filename="src/Rendr.cpp" />
		<Extensions>
			<code_completion />
			<debugger />
		</Extensions>
	</Project>
</CodeBlocks_project_file>
