<?xml version="1.0" encoding="utf-8"?>
<Project ToolsVersion="4.0" xmlns="http://schemas.microsoft.com/developer/msbuild/2003">
  <ItemGroup>
    <Filter Include="File di origine">
      <UniqueIdentifier>{4FC737F1-C7A5-4376-A066-2A32D752A2FF}</UniqueIdentifier>
      <Extensions>cpp;c;cc;cxx;def;odl;idl;hpj;bat;asm;asmx</Extensions>
    </Filter>
    <Filter Include="File di intestazione">
      <UniqueIdentifier>{93995380-89BD-4b04-88EB-625FBE52EBFB}</UniqueIdentifier>
      <Extensions>h;hh;hpp;hxx;hm;inl;inc;ipp;xsd</Extensions>
    </Filter>
    <Filter Include="File di risorse">
      <UniqueIdentifier>{67DA6AB6-F800-4c08-8B7A-83BB121AAD01}</UniqueIdentifier>
      <Extensions>rc;ico;cur;bmp;dlg;rc2;rct;bin;rgs;gif;jpg;jpeg;jpe;resx;tiff;tif;png;wav;mfcribbon-ms</Extensions>
    </Filter>
    <Filter Include="File di origine\ImGui">
      <UniqueIdentifier>{3fb4033f-987b-4e76-9fbd-a627979db909}</UniqueIdentifier>
    </Filter>
  </ItemGroup>
  <ItemGroup>
    <ClCompile Include="Dj-Engine.cpp">
      <Filter>File di origine</Filter>
    </ClCompile>
    <ClCompile Include="source\Generator.cpp">
      <Filter>File di origine</Filter>
    </ClCompile>
    <ClCompile Include="source\Note.cpp">
      <Filter>File di origine</Filter>
    </ClCompile>
    <ClCompile Include="source\Player.cpp">
      <Filter>File di origine</Filter>
    </ClCompile>
    <ClCompile Include="source\Audio.cpp">
      <Filter>File di origine</Filter>
    </ClCompile>
    <ClCompile Include="source\Game.cpp">
      <Filter>File di origine</Filter>
    </ClCompile>
    <ClCompile Include="source\GameRender.cpp">
      <Filter>File di origine</Filter>
    </ClCompile>
    <ClCompile Include="source\MenuNavigator.cpp">
      <Filter>File di origine</Filter>
    </ClCompile>
    <ClCompile Include="source\MenuNode.cpp">
      <Filter>File di origine</Filter>
    </ClCompile>
    <ClCompile Include="source\MenuRender.cpp">
      <Filter>File di origine</Filter>
    </ClCompile>
    <ClCompile Include="source\Graphics.cpp">
      <Filter>File di origine</Filter>
    </ClCompile>
    <ClCompile Include="source\Rendr.cpp">
      <Filter>File di origine</Filter>
    </ClCompile>
    <ClCompile Include="source\SongScanner.cpp">
      <Filter>File di origine</Filter>
    </ClCompile>
    <ClCompile Include="lib\IMGUI\imgui.cpp">
      <Filter>File di origine\ImGui</Filter>
    </ClCompile>
    <ClCompile Include="lib\IMGUI\imgui_demo.cpp">
      <Filter>File di origine\ImGui</Filter>
    </ClCompile>
    <ClCompile Include="lib\IMGUI\imgui_impl_glfw.cpp">
      <Filter>File di origine\ImGui</Filter>
    </ClCompile>
    <ClCompile Include="lib\IMGUI\imgui_impl_opengl3.cpp">
      <Filter>File di origine\ImGui</Filter>
    </ClCompile>
    <ClCompile Include="lib\IMGUI\imgui_widgets.cpp">
      <Filter>File di origine\ImGui</Filter>
    </ClCompile>
    <ClCompile Include="lib\IMGUI\imgui_draw.cpp">
      <Filter>File di origine\ImGui</Filter>
    </ClCompile>
    <ClCompile Include="source\Animation.cpp">
      <Filter>File di origine</Filter>
    </ClCompile>
    <ClCompile Include="source\AnimationManager.cpp">
      <Filter>File di origine</Filter>
    </ClCompile>
  </ItemGroup>
  <ItemGroup>
    <ClInclude Include="header\Generator.h">
      <Filter>File di intestazione</Filter>
    </ClInclude>
    <ClInclude Include="header\Note.h">
      <Filter>File di intestazione</Filter>
    </ClInclude>
    <ClInclude Include="header\Player.h">
      <Filter>File di intestazione</Filter>
    </ClInclude>
    <ClInclude Include="header\Audio.h">
      <Filter>File di intestazione</Filter>
    </ClInclude>
    <ClInclude Include="header\Game.h">
      <Filter>File di intestazione</Filter>
    </ClInclude>
    <ClInclude Include="header\GameRender.h">
      <Filter>File di intestazione</Filter>
    </ClInclude>
    <ClInclude Include="header\MenuNavigator.h">
      <Filter>File di intestazione</Filter>
    </ClInclude>
    <ClInclude Include="header\MenuNode.h">
      <Filter>File di intestazione</Filter>
    </ClInclude>
    <ClInclude Include="header\MenuRender.h">
      <Filter>File di intestazione</Filter>
    </ClInclude>
    <ClInclude Include="header\Graphics.h">
      <Filter>File di intestazione</Filter>
    </ClInclude>
    <ClInclude Include="header\Rendr.h">
      <Filter>File di intestazione</Filter>
    </ClInclude>
    <ClInclude Include="header\SongScanner.h">
      <Filter>File di intestazione</Filter>
    </ClInclude>
    <ClInclude Include="header\Animation.h">
      <Filter>File di intestazione</Filter>
    </ClInclude>
    <ClInclude Include="header\AnimationManager.h">
      <Filter>File di intestazione</Filter>
    </ClInclude>
  </ItemGroup>
</Project>